
Microsoft Visual Studio Solution File, Format Version 12.00
# Visual Studio Version 16
VisualStudioVersion = 16.0.29509.3
MinimumVisualStudioVersion = 10.0.40219.1
Project("{9A19103F-16F7-4668-BE54-9A1E7A4F7556}") = "GetDevTaskPuppies", "GetDevTaskPuppies\GetDevTaskPuppies.csproj", "{C2CB492C-949A-4B46-8419-BFCBD234A4A2}"
EndProject
Project("{9A19103F-16F7-4668-BE54-9A1E7A4F7556}") = "GetDevTaskPuppies.Test", "GetDevTaskPuppies.Test\GetDevTaskPuppies.Test.csproj", "{B67F59CF-0E5A-4DFC-82BC-F0D16B98572D}"
EndProject
Project("{2150E333-8FDC-42A3-9474-1A3956D46DE8}") = "src", "src", "{10332F31-9726-4BA0-9B02-9E610F10C848}"
EndProject
Global
	GlobalSection(SolutionConfigurationPlatforms) = preSolution
		Debug|Any CPU = Debug|Any CPU
		Release|Any CPU = Release|Any CPU
	EndGlobalSection
	GlobalSection(ProjectConfigurationPlatforms) = postSolution
		{C2CB492C-949A-4B46-8419-BFCBD234A4A2}.Debug|Any CPU.ActiveCfg = Debug|Any CPU
		{C2CB492C-949A-4B46-8419-BFCBD234A4A2}.Debug|Any CPU.Build.0 = Debug|Any CPU
		{C2CB492C-949A-4B46-8419-BFCBD234A4A2}.Release|Any CPU.ActiveCfg = Release|Any CPU
		{C2CB492C-949A-4B46-8419-BFCBD234A4A2}.Release|Any CPU.Build.0 = Release|Any CPU
		{B67F59CF-0E5A-4DFC-82BC-F0D16B98572D}.Debug|Any CPU.ActiveCfg = Debug|Any CPU
		{B67F59CF-0E5A-4DFC-82BC-F0D16B98572D}.Debug|Any CPU.Build.0 = Debug|Any CPU
		{B67F59CF-0E5A-4DFC-82BC-F0D16B98572D}.Release|Any CPU.ActiveCfg = Release|Any CPU
		{B67F59CF-0E5A-4DFC-82BC-F0D16B98572D}.Release|Any CPU.Build.0 = Release|Any CPU
	EndGlobalSection
	GlobalSection(SolutionProperties) = preSolution
		HideSolutionNode = FALSE
	EndGlobalSection
	GlobalSection(NestedProjects) = preSolution
		{C2CB492C-949A-4B46-8419-BFCBD234A4A2} = {10332F31-9726-4BA0-9B02-9E610F10C848}
		{B67F59CF-0E5A-4DFC-82BC-F0D16B98572D} = {10332F31-9726-4BA0-9B02-9E610F10C848}
	EndGlobalSection
	GlobalSection(ExtensibilityGlobals) = postSolution
		SolutionGuid = {FF603399-A74E-484A-8185-2DF00404C1EE}
	EndGlobalSection
EndGlobal
